
Microsoft Visual Studio Solution File, Format Version 12.00
# Visual Studio Version 16
VisualStudioVersion = 16.0.31624.102
MinimumVisualStudioVersion = 10.0.40219.1
Project("{FAE04EC0-301F-11D3-BF4B-00C04F79EFBC}") = "MVCCrudDemo", "MVCCrudDemo\MVCCrudDemo.csproj", "{8907453C-F088-4157-A7C9-1664A5EFACEB}"
EndProject
Global
	GlobalSection(SolutionConfigurationPlatforms) = preSolution
		Debug|Any CPU = Debug|Any CPU
		Release|Any CPU = Release|Any CPU
	EndGlobalSection
	GlobalSection(ProjectConfigurationPlatforms) = postSolution
		{8907453C-F088-4157-A7C9-1664A5EFACEB}.Debug|Any CPU.ActiveCfg = Debug|Any CPU
		{8907453C-F088-4157-A7C9-1664A5EFACEB}.Debug|Any CPU.Build.0 = Debug|Any CPU
		{8907453C-F088-4157-A7C9-1664A5EFACEB}.Release|Any CPU.ActiveCfg = Release|Any CPU
		{8907453C-F088-4157-A7C9-1664A5EFACEB}.Release|Any CPU.Build.0 = Release|Any CPU
	EndGlobalSection
	GlobalSection(SolutionProperties) = preSolution
		HideSolutionNode = FALSE
	EndGlobalSection
	GlobalSection(ExtensibilityGlobals) = postSolution
		SolutionGuid = {51BB9DDE-D36A-4176-899A-3AC354A3232B}
	EndGlobalSection
EndGlobal
